
Microsoft Visual Studio Solution File, Format Version 12.00
# Visual Studio Version 17
VisualStudioVersion = 17.14.36408.4 d17.14
MinimumVisualStudioVersion = 10.0.40219.1
Project("{8BC9CEB8-8B4A-11D0-8D11-00A0C91BC942}") = "CppConsoleApp", "CppConsoleApp\CppConsoleApp.vcxproj", "{5AEA03DC-7FCC-472E-BDF8-497CFBE7C63C}"
EndProject
Global
	GlobalSection(SolutionConfigurationPlatforms) = preSolution
		Debug|x64 = Debug|x64
		Debug|x86 = Debug|x86
		Release|x64 = Release|x64
		Release|x86 = Release|x86
	EndGlobalSection
	GlobalSection(ProjectConfigurationPlatforms) = postSolution
		{5AEA03DC-7FCC-472E-BDF8-497CFBE7C63C}.Debug|x64.ActiveCfg = Debug|x64
		{5AEA03DC-7FCC-472E-BDF8-497CFBE7C63C}.Debug|x64.Build.0 = Debug|x64
		{5AEA03DC-7FCC-472E-BDF8-497CFBE7C63C}.Debug|x86.ActiveCfg = Debug|Win32
		{5AEA03DC-7FCC-472E-BDF8-497CFBE7C63C}.Debug|x86.Build.0 = Debug|Win32
		{5AEA03DC-7FCC-472E-BDF8-497CFBE7C63C}.Release|x64.ActiveCfg = Release|x64
		{5AEA03DC-7FCC-472E-BDF8-497CFBE7C63C}.Release|x64.Build.0 = Release|x64
		{5AEA03DC-7FCC-472E-BDF8-497CFBE7C63C}.Release|x86.ActiveCfg = Release|Win32
		{5AEA03DC-7FCC-472E-BDF8-497CFBE7C63C}.Release|x86.Build.0 = Release|Win32
	EndGlobalSection
	GlobalSection(SolutionProperties) = preSolution
		HideSolutionNode = FALSE
	EndGlobalSection
	GlobalSection(ExtensibilityGlobals) = postSolution
		SolutionGuid = {417B20A1-7EC1-460D-ABAF-0DCDB6D302E9}
	EndGlobalSection
EndGlobal
