
Microsoft Visual Studio Solution File, Format Version 12.00
# Visual Studio Version 17
VisualStudioVersion = 17.13.35931.197
MinimumVisualStudioVersion = 10.0.40219.1
Project("{FAE04EC0-301F-11D3-BF4B-00C04F79EFBC}") = "WebApplication2", "WebApplication2\WebApplication2.csproj", "{9FD08B30-BFA4-48C4-8899-089B28FA629E}"
EndProject
Global
	GlobalSection(SolutionConfigurationPlatforms) = preSolution
		Debug|Any CPU = Debug|Any CPU
		Release|Any CPU = Release|Any CPU
	EndGlobalSection
	GlobalSection(ProjectConfigurationPlatforms) = postSolution
		{9FD08B30-BFA4-48C4-8899-089B28FA629E}.Debug|Any CPU.ActiveCfg = Debug|Any CPU
		{9FD08B30-BFA4-48C4-8899-089B28FA629E}.Debug|Any CPU.Build.0 = Debug|Any CPU
		{9FD08B30-BFA4-48C4-8899-089B28FA629E}.Release|Any CPU.ActiveCfg = Release|Any CPU
		{9FD08B30-BFA4-48C4-8899-089B28FA629E}.Release|Any CPU.Build.0 = Release|Any CPU
	EndGlobalSection
	GlobalSection(SolutionProperties) = preSolution
		HideSolutionNode = FALSE
	EndGlobalSection
	GlobalSection(ExtensibilityGlobals) = postSolution
		SolutionGuid = {9BE2BE1A-44DF-4A44-A62A-B40C7911B1F7}
	EndGlobalSection
EndGlobal
